{
  "name": "focus-stack-gui",
  "version": "0.1.0",
  "lockfileVersion": 3,
  "requires": true,
  "packages": {
    "": {
      "name": "focus-stack-gui",
      "version": "0.1.0",
      "dependencies": {
        "express": "^4.18.4"
      }
    },
    "node_modules/express": {
      "version": "4.18.4",
      "resolved": "https://registry.npmjs.org/express/-/express-4.18.4.tgz",
      "integrity": "sha512-+7vJTvS1t4r1VSS9bAZhYxuGQ/VlBMMK/q7zYyrVwC2PDBiE5vAKsDyblZIo/QXvIwRZ6x2LG/kK1bsmCt3VTw==",
      "dependencies": {
        "accepts": "~1.3.8",
        "array-flatten": "1.1.1",
        "body-parser": "1.20.2",
        "content-disposition": "0.5.4",
        "content-type": "~1.0.4",
        "cookie": "0.5.0",
        "cookie-signature": "1.0.6",
        "debug": "2.6.9",
        "depd": "~2.0.0",
        "encodeurl": "~1.0.2",
        "escape-html": "~1.0.3",
        "etag": "~1.8.1",
        "finalhandler": "1.2.0",
        "fresh": "0.5.2",
        "merge-descriptors": "1.0.1",
        "methods": "1.1.2",
        "on-finished": "2.4.1",
        "parseurl": "~1.3.3",
        "path-to-regexp": "0.1.7",
        "proxy-addr": "~2.0.7",
        "qs": "6.11.1",
        "range-parser": "1.2.1",
        "safe-buffer": "5.2.1",
        "send": "0.18.0",
        "serve-static": "1.15.0",
        "setprototypeof": "1.2.0",
        "statuses": "2.0.1",
        "type-is": "~1.6.18",
        "utils-merge": "1.0.1",
        "vary": "~1.1.2"
      }
    }
  },
  "dependencies": {
    "express": {
      "version": "4.18.4",
      "resolved": "https://registry.npmjs.org/express/-/express-4.18.4.tgz",
      "integrity": "sha512-+7vJTvS1t4r1VSS9bAZhYxuGQ/VlBMMK/q7zYyrVwC2PDBiE5vAKsDyblZIo/QXvIwRZ6x2LG/kK1bsmCt3VTw=="
    }
  }
}
